
Microsoft Visual Studio Solution File, Format Version 12.00
# Visual Studio Version 17
VisualStudioVersion = 17.14.36518.9 d17.14
MinimumVisualStudioVersion = 10.0.40219.1
Project("{FAE04EC0-301F-11D3-BF4B-00C04F79EFBC}") = "CarDealer", "CarDealer\CarDealer.csproj", "{AF94DE39-26C8-402C-8BF3-95CF8E3E6AAE}"
EndProject
Global
	GlobalSection(SolutionConfigurationPlatforms) = preSolution
		Debug|Any CPU = Debug|Any CPU
		Release|Any CPU = Release|Any CPU
	EndGlobalSection
	GlobalSection(ProjectConfigurationPlatforms) = postSolution
		{AF94DE39-26C8-402C-8BF3-95CF8E3E6AAE}.Debug|Any CPU.ActiveCfg = Debug|Any CPU
		{AF94DE39-26C8-402C-8BF3-95CF8E3E6AAE}.Debug|Any CPU.Build.0 = Debug|Any CPU
		{AF94DE39-26C8-402C-8BF3-95CF8E3E6AAE}.Release|Any CPU.ActiveCfg = Release|Any CPU
		{AF94DE39-26C8-402C-8BF3-95CF8E3E6AAE}.Release|Any CPU.Build.0 = Release|Any CPU
	EndGlobalSection
	GlobalSection(SolutionProperties) = preSolution
		HideSolutionNode = FALSE
	EndGlobalSection
	GlobalSection(ExtensibilityGlobals) = postSolution
		SolutionGuid = {4C077C7B-FADA-4471-A7D4-3D3A4F6C573D}
	EndGlobalSection
EndGlobal
